<?xml version="1.0" encoding="utf-8"?>
<Project ToolsVersion="18.0" xmlns="http://schemas.microsoft.com/developer/msbuild/2003">
  <ItemGroup>
    <ClCompile Include="C:\Users\josea\Downloads\Pruebas Trae\touhou_game\src\Bullet.cpp">
      <Filter>Source Files</Filter>
    </ClCompile>
    <ClCompile Include="C:\Users\josea\Downloads\Pruebas Trae\touhou_game\src\BulletPattern.cpp">
      <Filter>Source Files</Filter>
    </ClCompile>
    <ClCompile Include="C:\Users\josea\Downloads\Pruebas Trae\touhou_game\src\Game.cpp">
      <Filter>Source Files</Filter>
    </ClCompile>
    <ClCompile Include="C:\Users\josea\Downloads\Pruebas Trae\touhou_game\src\HUD.cpp">
      <Filter>Source Files</Filter>
    </ClCompile>
    <ClCompile Include="C:\Users\josea\Downloads\Pruebas Trae\touhou_game\src\Menu.cpp">
      <Filter>Source Files</Filter>
    </ClCompile>
    <ClCompile Include="C:\Users\josea\Downloads\Pruebas Trae\touhou_game\src\Player.cpp">
      <Filter>Source Files</Filter>
    </ClCompile>
    <ClCompile Include="C:\Users\josea\Downloads\Pruebas Trae\touhou_game\src\ResourceManager.cpp">
      <Filter>Source Files</Filter>
    </ClCompile>
    <ClCompile Include="C:\Users\josea\Downloads\Pruebas Trae\touhou_game\src\World.cpp">
      <Filter>Source Files</Filter>
    </ClCompile>
    <ClCompile Include="C:\Users\josea\Downloads\Pruebas Trae\touhou_game\src\main.cpp">
      <Filter>Source Files</Filter>
    </ClCompile>
  </ItemGroup>
  <ItemGroup>
    <ClInclude Include="C:\Users\josea\Downloads\Pruebas Trae\touhou_game\include\Bullet.hpp">
      <Filter>Header Files</Filter>
    </ClInclude>
    <ClInclude Include="C:\Users\josea\Downloads\Pruebas Trae\touhou_game\include\BulletPattern.hpp">
      <Filter>Header Files</Filter>
    </ClInclude>
    <ClInclude Include="C:\Users\josea\Downloads\Pruebas Trae\touhou_game\include\Game.hpp">
      <Filter>Header Files</Filter>
    </ClInclude>
    <ClInclude Include="C:\Users\josea\Downloads\Pruebas Trae\touhou_game\include\HUD.hpp">
      <Filter>Header Files</Filter>
    </ClInclude>
    <ClInclude Include="C:\Users\josea\Downloads\Pruebas Trae\touhou_game\include\Menu.hpp">
      <Filter>Header Files</Filter>
    </ClInclude>
    <ClInclude Include="C:\Users\josea\Downloads\Pruebas Trae\touhou_game\include\Player.hpp">
      <Filter>Header Files</Filter>
    </ClInclude>
    <ClInclude Include="C:\Users\josea\Downloads\Pruebas Trae\touhou_game\include\ResourceManager.hpp">
      <Filter>Header Files</Filter>
    </ClInclude>
    <ClInclude Include="C:\Users\josea\Downloads\Pruebas Trae\touhou_game\include\World.hpp">
      <Filter>Header Files</Filter>
    </ClInclude>
  </ItemGroup>
  <ItemGroup>
    <CustomBuild Include="C:\Users\josea\Downloads\Pruebas Trae\touhou_game\CMakeLists.txt" />
  </ItemGroup>
  <ItemGroup>
    <Filter Include="Header Files">
      <UniqueIdentifier>{AAB8C676-89FA-3D93-8526-B0560E3551F4}</UniqueIdentifier>
    </Filter>
    <Filter Include="Source Files">
      <UniqueIdentifier>{1F80E35F-845D-3886-A511-027AC61F5C85}</UniqueIdentifier>
    </Filter>
  </ItemGroup>
</Project>
