<?xml version="1.0" encoding="UTF-8"?>
<Solution>
	<Configurations>
		<BuildType Name="Debug"/>
		<BuildType Name="Release"/>
		<BuildType Name="MinSizeRel"/>
		<BuildType Name="RelWithDebInfo"/>
		<Platform Name="x64"/>
	</Configurations>
	<Project Path="TouhouGame.vcxproj" Type="8bc9ceb8-8b4a-11d0-8d11-00a0c91bc942" Id="a6629c07-d278-3dab-a0df-6877e1e55954">
		<BuildDependency Project="ZERO_CHECK.vcxproj"/>
		<BuildDependency Project="_deps/sfml-build/src/SFML/Audio/sfml-audio.vcxproj"/>
		<BuildDependency Project="_deps/sfml-build/src/SFML/Graphics/sfml-graphics.vcxproj"/>
		<BuildDependency Project="_deps/sfml-build/src/SFML/System/sfml-system.vcxproj"/>
		<BuildDependency Project="_deps/sfml-build/src/SFML/Window/sfml-window.vcxproj"/>
	</Project>
	<Folder Name="/CMake/">
		<Project Path="ALL_BUILD.vcxproj" Type="8bc9ceb8-8b4a-11d0-8d11-00a0c91bc942" Id="91376f82-262f-30d7-9fc0-710530b400a0" DefaultStartup="true">
			<BuildDependency Project="TouhouGame.vcxproj"/>
			<BuildDependency Project="ZERO_CHECK.vcxproj"/>
			<BuildDependency Project="_deps/sfml-build/src/SFML/Audio/sfml-audio.vcxproj"/>
			<BuildDependency Project="_deps/sfml-build/src/SFML/Graphics/sfml-graphics.vcxproj"/>
			<BuildDependency Project="_deps/sfml-build/src/SFML/Main/sfml-main.vcxproj"/>
			<BuildDependency Project="_deps/sfml-build/src/SFML/System/sfml-system.vcxproj"/>
			<BuildDependency Project="_deps/sfml-build/src/SFML/Window/sfml-window.vcxproj"/>
		</Project>
		<Project Path="INSTALL.vcxproj" Type="8bc9ceb8-8b4a-11d0-8d11-00a0c91bc942" Id="d92cc673-61b7-3b33-9bb0-dd1183f9d4be">
			<BuildDependency Project="ALL_BUILD.vcxproj"/>
			<BuildDependency Project="ZERO_CHECK.vcxproj"/>
			<Build Solution="Debug|*" Project="false"/>
			<Build Solution="Release|*" Project="false"/>
			<Build Solution="MinSizeRel|*" Project="false"/>
			<Build Solution="RelWithDebInfo|*" Project="false"/>
		</Project>
		<Project Path="PACKAGE.vcxproj" Type="8bc9ceb8-8b4a-11d0-8d11-00a0c91bc942" Id="f26a64d2-23bd-3b15-b585-b034962423cf">
			<BuildDependency Project="ALL_BUILD.vcxproj"/>
			<BuildDependency Project="ZERO_CHECK.vcxproj"/>
			<Build Solution="Debug|*" Project="false"/>
			<Build Solution="Release|*" Project="false"/>
			<Build Solution="MinSizeRel|*" Project="false"/>
			<Build Solution="RelWithDebInfo|*" Project="false"/>
		</Project>
		<Project Path="ZERO_CHECK.vcxproj" Type="8bc9ceb8-8b4a-11d0-8d11-00a0c91bc942" Id="ef77a2ee-be16-3603-8a3a-ae0f1dc3a9cd"/>
	</Folder>
	<Folder Name="/SFML/">
		<Project Path="_deps/sfml-build/src/SFML/Audio/sfml-audio.vcxproj" Type="8bc9ceb8-8b4a-11d0-8d11-00a0c91bc942" Id="f865a791-6052-31eb-973d-a9fd7c32d486">
			<BuildDependency Project="ZERO_CHECK.vcxproj"/>
			<BuildDependency Project="_deps/sfml-build/src/SFML/System/sfml-system.vcxproj"/>
		</Project>
		<Project Path="_deps/sfml-build/src/SFML/Graphics/sfml-graphics.vcxproj" Type="8bc9ceb8-8b4a-11d0-8d11-00a0c91bc942" Id="fec7d8da-b66a-3a86-81cb-f4a6889b03da">
			<BuildDependency Project="ZERO_CHECK.vcxproj"/>
			<BuildDependency Project="_deps/sfml-build/src/SFML/System/sfml-system.vcxproj"/>
			<BuildDependency Project="_deps/sfml-build/src/SFML/Window/sfml-window.vcxproj"/>
		</Project>
		<Project Path="_deps/sfml-build/src/SFML/Main/sfml-main.vcxproj" Type="8bc9ceb8-8b4a-11d0-8d11-00a0c91bc942" Id="a6c3d350-b4bb-35e4-b2bb-18e030fdd0c5">
			<BuildDependency Project="ZERO_CHECK.vcxproj"/>
		</Project>
		<Project Path="_deps/sfml-build/src/SFML/System/sfml-system.vcxproj" Type="8bc9ceb8-8b4a-11d0-8d11-00a0c91bc942" Id="de2fb332-c407-34ea-836c-5ddb24e56863">
			<BuildDependency Project="ZERO_CHECK.vcxproj"/>
		</Project>
		<Project Path="_deps/sfml-build/src/SFML/Window/sfml-window.vcxproj" Type="8bc9ceb8-8b4a-11d0-8d11-00a0c91bc942" Id="0871e87a-fb8a-3ab6-bfcf-af8d2da1e9f2">
			<BuildDependency Project="ZERO_CHECK.vcxproj"/>
			<BuildDependency Project="_deps/sfml-build/src/SFML/System/sfml-system.vcxproj"/>
		</Project>
	</Folder>
</Solution>
